DEPENDENCIES
  apache2
  apt
  build-essential
  composer
  divups
    path: .
    metadata: true
  git
  mysql (~> 5.6.3)
  nodejs
  php

GRAPH
  7-zip (1.0.2)
    windows (>= 1.2.2)
  apache2 (3.1.0)
  apt (2.9.2)
  ark (0.9.0)
    7-zip (>= 0.0.0)
    windows (>= 0.0.0)
  build-essential (2.2.4)
  chef-sugar (3.1.1)
  chef_handler (1.2.0)
  composer (2.2.1)
    php (>= 0.0.0)
    windows (>= 0.0.0)
  divups (0.0.1)
    apache2 (>= 0.0.0)
    apt (>= 0.0.0)
    build-essential (>= 0.0.0)
    composer (>= 0.0.0)
    git (>= 0.0.0)
    mysql (>= 0.0.0)
    nodejs (>= 0.0.0)
    phing (>= 0.0.0)
    php (>= 0.0.0)
    php-box (>= 0.0.0)
    xdebug (>= 0.0.0)
  dmg (2.3.0)
  git (4.3.4)
    build-essential (>= 0.0.0)
    dmg (>= 0.0.0)
    windows (>= 0.0.0)
    yum-epel (>= 0.0.0)
  homebrew (1.13.0)
    build-essential (>= 2.1.2)
  iis (4.1.5)
    windows (>= 1.34.6)
  mysql (5.6.3)
    yum-mysql-community (>= 0.0.0)
  nodejs (2.4.2)
    apt (>= 0.0.0)
    ark (>= 0.0.0)
    build-essential (>= 0.0.0)
    homebrew (>= 0.0.0)
    yum-epel (>= 0.0.0)
  phing (0.0.3)
    composer (>= 0.0.0)
    php (>= 0.0.0)
  php (1.5.0)
    build-essential (>= 0.0.0)
    iis (>= 0.0.0)
    mysql (>= 0.0.0)
    windows (>= 0.0.0)
    xml (>= 0.0.0)
    yum-epel (>= 0.0.0)
  php-box (0.0.2)
    php (>= 0.0.0)
  windows (1.38.4)
    chef_handler (>= 0.0.0)
  xdebug (1.0.0)
    build-essential (>= 0.0.0)
    php (>= 0.0.0)
  xml (1.3.1)
    build-essential (>= 0.0.0)
    chef-sugar (>= 0.0.0)
  yum (3.8.2)
  yum-epel (0.6.4)
    yum (~> 3.2)
  yum-mysql-community (0.1.19)
    yum (>= 3.2)
